// !$*UTF8*$!
{
	archiveVersion = 1;
	classes = {
	};
	objectVersion = 50;
	objects = {

/* Begin PBXBuildFile section */
		A7539A8020847DE600EF1FE2 /* AppDelegate.m in Sources */ = {isa = PBXBuildFile; fileRef = A7539A7F20847DE600EF1FE2 /* AppDelegate.m */; };
		A7539A8320847DE600EF1FE2 /* ViewController.m in Sources */ = {isa = PBXBuildFile; fileRef = A7539A8220847DE600EF1FE2 /* ViewController.m */; };
		A7539A8620847DE600EF1FE2 /* Main.storyboard in Resources */ = {isa = PBXBuildFile; fileRef = A7539A8420847DE600EF1FE2 /* Main.storyboard */; };
		A7539A8820847DE700EF1FE2 /* Assets.xcassets in Resources */ = {isa = PBXBuildFile; fileRef = A7539A8720847DE700EF1FE2 /* Assets.xcassets */; };
		A7539A8B20847DE700EF1FE2 /* LaunchScreen.storyboard in Resources */ = {isa = PBXBuildFile; fileRef = A7539A8920847DE700EF1FE2 /* LaunchScreen.storyboard */; };
		A7539A8E20847DE800EF1FE2 /* main.m in Sources */ = {isa = PBXBuildFile; fileRef = A7539A8D20847DE800EF1FE2 /* main.m */; };
		A7539A9F2084818100EF1FE2 /* Encrypt_3DES.m in Sources */ = {isa = PBXBuildFile; fileRef = A7539A982084818100EF1FE2 /* Encrypt_3DES.m */; };
		A7539AA02084818100EF1FE2 /* Encrypt_AES.m in Sources */ = {isa = PBXBuildFile; fileRef = A7539A9A2084818100EF1FE2 /* Encrypt_AES.m */; };
		A7539AA12084818100EF1FE2 /* RSAOC.m in Sources */ = {isa = PBXBuildFile; fileRef = A7539A9B2084818100EF1FE2 /* RSAOC.m */; };
		A7539AA22084818100EF1FE2 /* Encrypt_MD5.m in Sources */ = {isa = PBXBuildFile; fileRef = A7539A9C2084818100EF1FE2 /* Encrypt_MD5.m */; };
		A7539AA32084818100EF1FE2 /* Encrypt_RSA.m in Sources */ = {isa = PBXBuildFile; fileRef = A7539A9E2084818100EF1FE2 /* Encrypt_RSA.m */; };
		A7DA97782090284B00C14C50 /* rsa_private_key.p12 in Resources */ = {isa = PBXBuildFile; fileRef = A7DA97732090284A00C14C50 /* rsa_private_key.p12 */; };
		A7DA97792090284B00C14C50 /* rsa_public_key.der in Resources */ = {isa = PBXBuildFile; fileRef = A7DA97742090284A00C14C50 /* rsa_public_key.der */; };
		A7DA977A2090284B00C14C50 /* rsa_public_key.pem in Resources */ = {isa = PBXBuildFile; fileRef = A7DA97752090284A00C14C50 /* rsa_public_key.pem */; };
		A7DA977B2090284B00C14C50 /* rsa_private_key.pem in Resources */ = {isa = PBXBuildFile; fileRef = A7DA97762090284A00C14C50 /* rsa_private_key.pem */; };
		A7DA977C2090284B00C14C50 /* rsaCert.crt in Resources */ = {isa = PBXBuildFile; fileRef = A7DA97772090284B00C14C50 /* rsaCert.crt */; };
/* End PBXBuildFile section */

/* Begin PBXFileReference section */
		A7539A7B20847DE600EF1FE2 /* CJEncryptDemo.app */ = {isa = PBXFileReference; explicitFileType = wrapper.application; includeInIndex = 0; path = CJEncryptDemo.app; sourceTree = BUILT_PRODUCTS_DIR; };
		A7539A7E20847DE600EF1FE2 /* AppDelegate.h */ = {isa = PBXFileReference; lastKnownFileType = sourcecode.c.h; path = AppDelegate.h; sourceTree = "<group>"; };
		A7539A7F20847DE600EF1FE2 /* AppDelegate.m */ = {isa = PBXFileReference; lastKnownFileType = sourcecode.c.objc; path = AppDelegate.m; sourceTree = "<group>"; };
		A7539A8120847DE600EF1FE2 /* ViewController.h */ = {isa = PBXFileReference; lastKnownFileType = sourcecode.c.h; path = ViewController.h; sourceTree = "<group>"; };
		A7539A8220847DE600EF1FE2 /* ViewController.m */ = {isa = PBXFileReference; lastKnownFileType = sourcecode.c.objc; path = ViewController.m; sourceTree = "<group>"; };
		A7539A8520847DE600EF1FE2 /* Base */ = {isa = PBXFileReference; lastKnownFileType = file.storyboard; name = Base; path = Base.lproj/Main.storyboard; sourceTree = "<group>"; };
		A7539A8720847DE700EF1FE2 /* Assets.xcassets */ = {isa = PBXFileReference; lastKnownFileType = folder.assetcatalog; path = Assets.xcassets; sourceTree = "<group>"; };
		A7539A8A20847DE700EF1FE2 /* Base */ = {isa = PBXFileReference; lastKnownFileType = file.storyboard; name = Base; path = Base.lproj/LaunchScreen.storyboard; sourceTree = "<group>"; };
		A7539A8C20847DE800EF1FE2 /* Info.plist */ = {isa = PBXFileReference; lastKnownFileType = text.plist.xml; path = Info.plist; sourceTree = "<group>"; };
		A7539A8D20847DE800EF1FE2 /* main.m */ = {isa = PBXFileReference; lastKnownFileType = sourcecode.c.objc; path = main.m; sourceTree = "<group>"; };
		A7539A952084818100EF1FE2 /* Encrypt_RSA.h */ = {isa = PBXFileReference; fileEncoding = 4; lastKnownFileType = sourcecode.c.h; path = Encrypt_RSA.h; sourceTree = "<group>"; };
		A7539A962084818100EF1FE2 /* RSAOC.h */ = {isa = PBXFileReference; fileEncoding = 4; lastKnownFileType = sourcecode.c.h; path = RSAOC.h; sourceTree = "<group>"; };
		A7539A972084818100EF1FE2 /* Encrypt_MD5.h */ = {isa = PBXFileReference; fileEncoding = 4; lastKnownFileType = sourcecode.c.h; path = Encrypt_MD5.h; sourceTree = "<group>"; };
		A7539A982084818100EF1FE2 /* Encrypt_3DES.m */ = {isa = PBXFileReference; fileEncoding = 4; lastKnownFileType = sourcecode.c.objc; path = Encrypt_3DES.m; sourceTree = "<group>"; };
		A7539A992084818100EF1FE2 /* Encrypt_AES.h */ = {isa = PBXFileReference; fileEncoding = 4; lastKnownFileType = sourcecode.c.h; path = Encrypt_AES.h; sourceTree = "<group>"; };
		A7539A9A2084818100EF1FE2 /* Encrypt_AES.m */ = {isa = PBXFileReference; fileEncoding = 4; lastKnownFileType = sourcecode.c.objc; path = Encrypt_AES.m; sourceTree = "<group>"; };
		A7539A9B2084818100EF1FE2 /* RSAOC.m */ = {isa = PBXFileReference; fileEncoding = 4; lastKnownFileType = sourcecode.c.objc; path = RSAOC.m; sourceTree = "<group>"; };
		A7539A9C2084818100EF1FE2 /* Encrypt_MD5.m */ = {isa = PBXFileReference; fileEncoding = 4; lastKnownFileType = sourcecode.c.objc; path = Encrypt_MD5.m; sourceTree = "<group>"; };
		A7539A9D2084818100EF1FE2 /* Encrypt_3DES.h */ = {isa = PBXFileReference; fileEncoding = 4; lastKnownFileType = sourcecode.c.h; path = Encrypt_3DES.h; sourceTree = "<group>"; };
		A7539A9E2084818100EF1FE2 /* Encrypt_RSA.m */ = {isa = PBXFileReference; fileEncoding = 4; lastKnownFileType = sourcecode.c.objc; path = Encrypt_RSA.m; sourceTree = "<group>"; };
		A7539AA5208481C800EF1FE2 /* CJEncryptHeader.h */ = {isa = PBXFileReference; lastKnownFileType = sourcecode.c.h; path = CJEncryptHeader.h; sourceTree = "<group>"; };
		A7DA97732090284A00C14C50 /* rsa_private_key.p12 */ = {isa = PBXFileReference; lastKnownFileType = file; path = rsa_private_key.p12; sourceTree = "<group>"; };
		A7DA97742090284A00C14C50 /* rsa_public_key.der */ = {isa = PBXFileReference; lastKnownFileType = file; path = rsa_public_key.der; sourceTree = "<group>"; };
		A7DA97752090284A00C14C50 /* rsa_public_key.pem */ = {isa = PBXFileReference; fileEncoding = 4; lastKnownFileType = text; path = rsa_public_key.pem; sourceTree = "<group>"; };
		A7DA97762090284A00C14C50 /* rsa_private_key.pem */ = {isa = PBXFileReference; fileEncoding = 4; lastKnownFileType = text; path = rsa_private_key.pem; sourceTree = "<group>"; };
		A7DA97772090284B00C14C50 /* rsaCert.crt */ = {isa = PBXFileReference; fileEncoding = 4; lastKnownFileType = text; path = rsaCert.crt; sourceTree = "<group>"; };
/* End PBXFileReference section */

/* Begin PBXFrameworksBuildPhase section */
		A7539A7820847DE600EF1FE2 /* Frameworks */ = {
			isa = PBXFrameworksBuildPhase;
			buildActionMask = 2147483647;
			files = (
			);
			runOnlyForDeploymentPostprocessing = 0;
		};
/* End PBXFrameworksBuildPhase section */

/* Begin PBXGroup section */
		A7539A7220847DE600EF1FE2 = {
			isa = PBXGroup;
			children = (
				A7539A7D20847DE600EF1FE2 /* CJEncryptDemo */,
				A7539A7C20847DE600EF1FE2 /* Products */,
			);
			sourceTree = "<group>";
		};
		A7539A7C20847DE600EF1FE2 /* Products */ = {
			isa = PBXGroup;
			children = (
				A7539A7B20847DE600EF1FE2 /* CJEncryptDemo.app */,
			);
			name = Products;
			sourceTree = "<group>";
		};
		A7539A7D20847DE600EF1FE2 /* CJEncryptDemo */ = {
			isa = PBXGroup;
			children = (
				A7DA97722090278800C14C50 /* Files */,
				A7539A942084812C00EF1FE2 /* CJEncrypt */,
				A7539A7E20847DE600EF1FE2 /* AppDelegate.h */,
				A7539A7F20847DE600EF1FE2 /* AppDelegate.m */,
				A7539A8120847DE600EF1FE2 /* ViewController.h */,
				A7539A8220847DE600EF1FE2 /* ViewController.m */,
				A7539A8420847DE600EF1FE2 /* Main.storyboard */,
				A7539A8720847DE700EF1FE2 /* Assets.xcassets */,
				A7539A8920847DE700EF1FE2 /* LaunchScreen.storyboard */,
				A7539A8C20847DE800EF1FE2 /* Info.plist */,
				A7539A8D20847DE800EF1FE2 /* main.m */,
			);
			path = CJEncryptDemo;
			sourceTree = "<group>";
		};
		A7539A942084812C00EF1FE2 /* CJEncrypt */ = {
			isa = PBXGroup;
			children = (
				A7539A9D2084818100EF1FE2 /* Encrypt_3DES.h */,
				A7539A982084818100EF1FE2 /* Encrypt_3DES.m */,
				A7539A992084818100EF1FE2 /* Encrypt_AES.h */,
				A7539A9A2084818100EF1FE2 /* Encrypt_AES.m */,
				A7539A972084818100EF1FE2 /* Encrypt_MD5.h */,
				A7539A9C2084818100EF1FE2 /* Encrypt_MD5.m */,
				A7539A952084818100EF1FE2 /* Encrypt_RSA.h */,
				A7539A9E2084818100EF1FE2 /* Encrypt_RSA.m */,
				A7539A962084818100EF1FE2 /* RSAOC.h */,
				A7539A9B2084818100EF1FE2 /* RSAOC.m */,
				A7539AA5208481C800EF1FE2 /* CJEncryptHeader.h */,
			);
			path = CJEncrypt;
			sourceTree = "<group>";
		};
		A7DA97722090278800C14C50 /* Files */ = {
			isa = PBXGroup;
			children = (
				A7DA97732090284A00C14C50 /* rsa_private_key.p12 */,
				A7DA97762090284A00C14C50 /* rsa_private_key.pem */,
				A7DA97742090284A00C14C50 /* rsa_public_key.der */,
				A7DA97752090284A00C14C50 /* rsa_public_key.pem */,
				A7DA97772090284B00C14C50 /* rsaCert.crt */,
			);
			path = Files;
			sourceTree = "<group>";
		};
/* End PBXGroup section */

/* Begin PBXNativeTarget section */
		A7539A7A20847DE600EF1FE2 /* CJEncryptDemo */ = {
			isa = PBXNativeTarget;
			buildConfigurationList = A7539A9120847DE800EF1FE2 /* Build configuration list for PBXNativeTarget "CJEncryptDemo" */;
			buildPhases = (
				A7539A7720847DE600EF1FE2 /* Sources */,
				A7539A7820847DE600EF1FE2 /* Frameworks */,
				A7539A7920847DE600EF1FE2 /* Resources */,
			);
			buildRules = (
			);
			dependencies = (
			);
			name = CJEncryptDemo;
			productName = CJEncryptDemo;
			productReference = A7539A7B20847DE600EF1FE2 /* CJEncryptDemo.app */;
			productType = "com.apple.product-type.application";
		};
/* End PBXNativeTarget section */

/* Begin PBXProject section */
		A7539A7320847DE600EF1FE2 /* Project object */ = {
			isa = PBXProject;
			attributes = {
				LastUpgradeCheck = 0930;
				ORGANIZATIONNAME = "hyd-cjx";
				TargetAttributes = {
					A7539A7A20847DE600EF1FE2 = {
						CreatedOnToolsVersion = 9.3;
					};
				};
			};
			buildConfigurationList = A7539A7620847DE600EF1FE2 /* Build configuration list for PBXProject "CJEncryptDemo" */;
			compatibilityVersion = "Xcode 9.3";
			developmentRegion = en;
			hasScannedForEncodings = 0;
			knownRegions = (
				en,
				Base,
			);
			mainGroup = A7539A7220847DE600EF1FE2;
			productRefGroup = A7539A7C20847DE600EF1FE2 /* Products */;
			projectDirPath = "";
			projectRoot = "";
			targets = (
				A7539A7A20847DE600EF1FE2 /* CJEncryptDemo */,
			);
		};
/* End PBXProject section */

/* Begin PBXResourcesBuildPhase section */
		A7539A7920847DE600EF1FE2 /* Resources */ = {
			isa = PBXResourcesBuildPhase;
			buildActionMask = 2147483647;
			files = (
				A7DA977A2090284B00C14C50 /* rsa_public_key.pem in Resources */,
				A7DA97782090284B00C14C50 /* rsa_private_key.p12 in Resources */,
				A7DA977B2090284B00C14C50 /* rsa_private_key.pem in Resources */,
				A7DA97792090284B00C14C50 /* rsa_public_key.der in Resources */,
				A7539A8B20847DE700EF1FE2 /* LaunchScreen.storyboard in Resources */,
				A7539A8820847DE700EF1FE2 /* Assets.xcassets in Resources */,
				A7DA977C2090284B00C14C50 /* rsaCert.crt in Resources */,
				A7539A8620847DE600EF1FE2 /* Main.storyboard in Resources */,
			);
			runOnlyForDeploymentPostprocessing = 0;
		};
/* End PBXResourcesBuildPhase section */

/* Begin PBXSourcesBuildPhase section */
		A7539A7720847DE600EF1FE2 /* Sources */ = {
			isa = PBXSourcesBuildPhase;
			buildActionMask = 2147483647;
			files = (
				A7539AA12084818100EF1FE2 /* RSAOC.m in Sources */,
				A7539A9F2084818100EF1FE2 /* Encrypt_3DES.m in Sources */,
				A7539AA32084818100EF1FE2 /* Encrypt_RSA.m in Sources */,
				A7539A8320847DE600EF1FE2 /* ViewController.m in Sources */,
				A7539AA22084818100EF1FE2 /* Encrypt_MD5.m in Sources */,
				A7539A8E20847DE800EF1FE2 /* main.m in Sources */,
				A7539AA02084818100EF1FE2 /* Encrypt_AES.m in Sources */,
				A7539A8020847DE600EF1FE2 /* AppDelegate.m in Sources */,
			);
			runOnlyForDeploymentPostprocessing = 0;
		};
/* End PBXSourcesBuildPhase section */

/* Begin PBXVariantGroup section */
		A7539A8420847DE600EF1FE2 /* Main.storyboard */ = {
			isa = PBXVariantGroup;
			children = (
				A7539A8520847DE600EF1FE2 /* Base */,
			);
			name = Main.storyboard;
			sourceTree = "<group>";
		};
		A7539A8920847DE700EF1FE2 /* LaunchScreen.storyboard */ = {
			isa = PBXVariantGroup;
			children = (
				A7539A8A20847DE700EF1FE2 /* Base */,
			);
			name = LaunchScreen.storyboard;
			sourceTree = "<group>";
		};
/* End PBXVariantGroup section */

/* Begin XCBuildConfiguration section */
		A7539A8F20847DE800EF1FE2 /* Debug */ = {
			isa = XCBuildConfiguration;
			buildSettings = {
				ALWAYS_SEARCH_USER_PATHS = NO;
				CLANG_ANALYZER_NONNULL = YES;
				CLANG_ANALYZER_NUMBER_OBJECT_CONVERSION = YES_AGGRESSIVE;
				CLANG_CXX_LANGUAGE_STANDARD = "gnu++14";
				CLANG_CXX_LIBRARY = "libc++";
				CLANG_ENABLE_MODULES = YES;
				CLANG_ENABLE_OBJC_ARC = YES;
				CLANG_ENABLE_OBJC_WEAK = YES;
				CLANG_WARN_BLOCK_CAPTURE_AUTORELEASING = YES;
				CLANG_WARN_BOOL_CONVERSION = YES;
				CLANG_WARN_COMMA = YES;
				CLANG_WARN_CONSTANT_CONVERSION = YES;
				CLANG_WARN_DEPRECATED_OBJC_IMPLEMENTATIONS = YES;
				CLANG_WARN_DIRECT_OBJC_ISA_USAGE = YES_ERROR;
				CLANG_WARN_DOCUMENTATION_COMMENTS = YES;
				CLANG_WARN_EMPTY_BODY = YES;
				CLANG_WARN_ENUM_CONVERSION = YES;
				CLANG_WARN_INFINITE_RECURSION = YES;
				CLANG_WARN_INT_CONVERSION = YES;
				CLANG_WARN_NON_LITERAL_NULL_CONVERSION = YES;
				CLANG_WARN_OBJC_IMPLICIT_RETAIN_SELF = YES;
				CLANG_WARN_OBJC_LITERAL_CONVERSION = YES;
				CLANG_WARN_OBJC_ROOT_CLASS = YES_ERROR;
				CLANG_WARN_RANGE_LOOP_ANALYSIS = YES;
				CLANG_WARN_STRICT_PROTOTYPES = YES;
				CLANG_WARN_SUSPICIOUS_MOVE = YES;
				CLANG_WARN_UNGUARDED_AVAILABILITY = YES_AGGRESSIVE;
				CLANG_WARN_UNREACHABLE_CODE = YES;
				CLANG_WARN__DUPLICATE_METHOD_MATCH = YES;
				CODE_SIGN_IDENTITY = "iPhone Developer";
				COPY_PHASE_STRIP = NO;
				DEBUG_INFORMATION_FORMAT = dwarf;
				ENABLE_STRICT_OBJC_MSGSEND = YES;
				ENABLE_TESTABILITY = YES;
				GCC_C_LANGUAGE_STANDARD = gnu11;
				GCC_DYNAMIC_NO_PIC = NO;
				GCC_NO_COMMON_BLOCKS = YES;
				GCC_OPTIMIZATION_LEVEL = 0;
				GCC_PREPROCESSOR_DEFINITIONS = (
					"DEBUG=1",
					"$(inherited)",
				);
				GCC_WARN_64_TO_32_BIT_CONVERSION = YES;
				GCC_WARN_ABOUT_RETURN_TYPE = YES_ERROR;
				GCC_WARN_UNDECLARED_SELECTOR = YES;
				GCC_WARN_UNINITIALIZED_AUTOS = YES_AGGRESSIVE;
				GCC_WARN_UNUSED_FUNCTION = YES;
				GCC_WARN_UNUSED_VARIABLE = YES;
				IPHONEOS_DEPLOYMENT_TARGET = 11.3;
				MTL_ENABLE_DEBUG_INFO = YES;
				ONLY_ACTIVE_ARCH = YES;
				SDKROOT = iphoneos;
			};
			name = Debug;
		};
		A7539A9020847DE800EF1FE2 /* Release */ = {
			isa = XCBuildConfiguration;
			buildSettings = {
				ALWAYS_SEARCH_USER_PATHS = NO;
				CLANG_ANALYZER_NONNULL = YES;
				CLANG_ANALYZER_NUMBER_OBJECT_CONVERSION = YES_AGGRESSIVE;
				CLANG_CXX_LANGUAGE_STANDARD = "gnu++14";
				CLANG_CXX_LIBRARY = "libc++";
				CLANG_ENABLE_MODULES = YES;
				CLANG_ENABLE_OBJC_ARC = YES;
				CLANG_ENABLE_OBJC_WEAK = YES;
				CLANG_WARN_BLOCK_CAPTURE_AUTORELEASING = YES;
				CLANG_WARN_BOOL_CONVERSION = YES;
				CLANG_WARN_COMMA = YES;
				CLANG_WARN_CONSTANT_CONVERSION = YES;
				CLANG_WARN_DEPRECATED_OBJC_IMPLEMENTATIONS = YES;
				CLANG_WARN_DIRECT_OBJC_ISA_USAGE = YES_ERROR;
				CLANG_WARN_DOCUMENTATION_COMMENTS = YES;
				CLANG_WARN_EMPTY_BODY = YES;
				CLANG_WARN_ENUM_CONVERSION = YES;
				CLANG_WARN_INFINITE_RECURSION = YES;
				CLANG_WARN_INT_CONVERSION = YES;
				CLANG_WARN_NON_LITERAL_NULL_CONVERSION = YES;
				CLANG_WARN_OBJC_IMPLICIT_RETAIN_SELF = YES;
				CLANG_WARN_OBJC_LITERAL_CONVERSION = YES;
				CLANG_WARN_OBJC_ROOT_CLASS = YES_ERROR;
				CLANG_WARN_RANGE_LOOP_ANALYSIS = YES;
				CLANG_WARN_STRICT_PROTOTYPES = YES;
				CLANG_WARN_SUSPICIOUS_MOVE = YES;
				CLANG_WARN_UNGUARDED_AVAILABILITY = YES_AGGRESSIVE;
				CLANG_WARN_UNREACHABLE_CODE = YES;
				CLANG_WARN__DUPLICATE_METHOD_MATCH = YES;
				CODE_SIGN_IDENTITY = "iPhone Developer";
				COPY_PHASE_STRIP = NO;
				DEBUG_INFORMATION_FORMAT = "dwarf-with-dsym";
				ENABLE_NS_ASSERTIONS = NO;
				ENABLE_STRICT_OBJC_MSGSEND = YES;
				GCC_C_LANGUAGE_STANDARD = gnu11;
				GCC_NO_COMMON_BLOCKS = YES;
				GCC_WARN_64_TO_32_BIT_CONVERSION = YES;
				GCC_WARN_ABOUT_RETURN_TYPE = YES_ERROR;
				GCC_WARN_UNDECLARED_SELECTOR = YES;
				GCC_WARN_UNINITIALIZED_AUTOS = YES_AGGRESSIVE;
				GCC_WARN_UNUSED_FUNCTION = YES;
				GCC_WARN_UNUSED_VARIABLE = YES;
				IPHONEOS_DEPLOYMENT_TARGET = 11.3;
				MTL_ENABLE_DEBUG_INFO = NO;
				SDKROOT = iphoneos;
				VALIDATE_PRODUCT = YES;
			};
			name = Release;
		};
		A7539A9220847DE800EF1FE2 /* Debug */ = {
			isa = XCBuildConfiguration;
			buildSettings = {
				ASSETCATALOG_COMPILER_APPICON_NAME = AppIcon;
				CODE_SIGN_STYLE = Automatic;
				INFOPLIST_FILE = CJEncryptDemo/Info.plist;
				LD_RUNPATH_SEARCH_PATHS = (
					"$(inherited)",
					"@executable_path/Frameworks",
				);
				PRODUCT_BUNDLE_IDENTIFIER = com.xiang.jay.CJEncryptDemo;
				PRODUCT_NAME = "$(TARGET_NAME)";
				TARGETED_DEVICE_FAMILY = "1,2";
			};
			name = Debug;
		};
		A7539A9320847DE800EF1FE2 /* Release */ = {
			isa = XCBuildConfiguration;
			buildSettings = {
				ASSETCATALOG_COMPILER_APPICON_NAME = AppIcon;
				CODE_SIGN_STYLE = Automatic;
				INFOPLIST_FILE = CJEncryptDemo/Info.plist;
				LD_RUNPATH_SEARCH_PATHS = (
					"$(inherited)",
					"@executable_path/Frameworks",
				);
				PRODUCT_BUNDLE_IDENTIFIER = com.xiang.jay.CJEncryptDemo;
				PRODUCT_NAME = "$(TARGET_NAME)";
				TARGETED_DEVICE_FAMILY = "1,2";
			};
			name = Release;
		};
/* End XCBuildConfiguration section */

/* Begin XCConfigurationList section */
		A7539A7620847DE600EF1FE2 /* Build configuration list for PBXProject "CJEncryptDemo" */ = {
			isa = XCConfigurationList;
			buildConfigurations = (
				A7539A8F20847DE800EF1FE2 /* Debug */,
				A7539A9020847DE800EF1FE2 /* Release */,
			);
			defaultConfigurationIsVisible = 0;
			defaultConfigurationName = Release;
		};
		A7539A9120847DE800EF1FE2 /* Build configuration list for PBXNativeTarget "CJEncryptDemo" */ = {
			isa = XCConfigurationList;
			buildConfigurations = (
				A7539A9220847DE800EF1FE2 /* Debug */,
				A7539A9320847DE800EF1FE2 /* Release */,
			);
			defaultConfigurationIsVisible = 0;
			defaultConfigurationName = Release;
		};
/* End XCConfigurationList section */
	};
	rootObject = A7539A7320847DE600EF1FE2 /* Project object */;
}
